// !$*UTF8*$!
{
	archiveVersion = 1;
	classes = {
	};
	objectVersion = 46;
	objects = {

/* Begin PBXBuildFile section */
		CA02B0031C57F481009AC4D3 /* Queue.cpp in Sources */ = {isa = PBXBuildFile; fileRef = CA02B0021C57F481009AC4D3 /* Queue.cpp */; };
		CA02B00C1C57F4E6009AC4D3 /* main.cpp in Sources */ = {isa = PBXBuildFile; fileRef = CA02B00A1C57F4E6009AC4D3 /* main.cpp */; };
/* End PBXBuildFile section */

/* Begin PBXCopyFilesBuildPhase section */
		CA02AFFD1C57F481009AC4D3 /* CopyFiles */ = {
			isa = PBXCopyFilesBuildPhase;
			buildActionMask = 2147483647;
			dstPath = /usr/share/man/man1/;
			dstSubfolderSpec = 0;
			files = (
			);
			runOnlyForDeploymentPostprocessing = 1;
		};
/* End PBXCopyFilesBuildPhase section */

/* Begin PBXFileReference section */
		CA02AFFF1C57F481009AC4D3 /* Lab4Coen70 */ = {isa = PBXFileReference; explicitFileType = "compiled.mach-o.executable"; includeInIndex = 0; path = Lab4Coen70; sourceTree = BUILT_PRODUCTS_DIR; };
		CA02B0021C57F481009AC4D3 /* Queue.cpp */ = {isa = PBXFileReference; lastKnownFileType = sourcecode.cpp.cpp; path = Queue.cpp; sourceTree = "<group>"; };
		CA02B0091C57F490009AC4D3 /* Queue.h */ = {isa = PBXFileReference; lastKnownFileType = sourcecode.c.h; path = Queue.h; sourceTree = "<group>"; };
		CA02B00A1C57F4E6009AC4D3 /* main.cpp */ = {isa = PBXFileReference; fileEncoding = 4; lastKnownFileType = sourcecode.cpp.cpp; path = main.cpp; sourceTree = "<group>"; };
/* End PBXFileReference section */

/* Begin PBXFrameworksBuildPhase section */
		CA02AFFC1C57F481009AC4D3 /* Frameworks */ = {
			isa = PBXFrameworksBuildPhase;
			buildActionMask = 2147483647;
			files = (
			);
			runOnlyForDeploymentPostprocessing = 0;
		};
/* End PBXFrameworksBuildPhase section */

/* Begin PBXGroup section */
		CA02AFF61C57F481009AC4D3 = {
			isa = PBXGroup;
			children = (
				CA02B0011C57F481009AC4D3 /* Lab4Coen70 */,
				CA02B0001C57F481009AC4D3 /* Products */,
			);
			sourceTree = "<group>";
		};
		CA02B0001C57F481009AC4D3 /* Products */ = {
			isa = PBXGroup;
			children = (
				CA02AFFF1C57F481009AC4D3 /* Lab4Coen70 */,
			);
			name = Products;
			sourceTree = "<group>";
		};
		CA02B0011C57F481009AC4D3 /* Lab4Coen70 */ = {
			isa = PBXGroup;
			children = (
				CA02B0021C57F481009AC4D3 /* Queue.cpp */,
				CA02B00A1C57F4E6009AC4D3 /* main.cpp */,
				CA02B0091C57F490009AC4D3 /* Queue.h */,
			);
			path = Lab4Coen70;
			sourceTree = "<group>";
		};
/* End PBXGroup section */

/* Begin PBXNativeTarget section */
		CA02AFFE1C57F481009AC4D3 /* Lab4Coen70 */ = {
			isa = PBXNativeTarget;
			buildConfigurationList = CA02B0061C57F481009AC4D3 /* Build configuration list for PBXNativeTarget "Lab4Coen70" */;
			buildPhases = (
				CA02AFFB1C57F481009AC4D3 /* Sources */,
				CA02AFFC1C57F481009AC4D3 /* Frameworks */,
				CA02AFFD1C57F481009AC4D3 /* CopyFiles */,
			);
			buildRules = (
			);
			dependencies = (
			);
			name = Lab4Coen70;
			productName = Lab4Coen70;
			productReference = CA02AFFF1C57F481009AC4D3 /* Lab4Coen70 */;
			productType = "com.apple.product-type.tool";
		};
/* End PBXNativeTarget section */

/* Begin PBXProject section */
		CA02AFF71C57F481009AC4D3 /* Project object */ = {
			isa = PBXProject;
			attributes = {
				LastUpgradeCheck = 0600;
				ORGANIZATIONNAME = "Yousef Zoumot";
				TargetAttributes = {
					CA02AFFE1C57F481009AC4D3 = {
						CreatedOnToolsVersion = 6.0.1;
					};
				};
			};
			buildConfigurationList = CA02AFFA1C57F481009AC4D3 /* Build configuration list for PBXProject "Lab4Coen70" */;
			compatibilityVersion = "Xcode 3.2";
			developmentRegion = English;
			hasScannedForEncodings = 0;
			knownRegions = (
				en,
			);
			mainGroup = CA02AFF61C57F481009AC4D3;
			productRefGroup = CA02B0001C57F481009AC4D3 /* Products */;
			projectDirPath = "";
			projectRoot = "";
			targets = (
				CA02AFFE1C57F481009AC4D3 /* Lab4Coen70 */,
			);
		};
/* End PBXProject section */

/* Begin PBXSourcesBuildPhase section */
		CA02AFFB1C57F481009AC4D3 /* Sources */ = {
			isa = PBXSourcesBuildPhase;
			buildActionMask = 2147483647;
			files = (
				CA02B00C1C57F4E6009AC4D3 /* main.cpp in Sources */,
				CA02B0031C57F481009AC4D3 /* Queue.cpp in Sources */,
			);
			runOnlyForDeploymentPostprocessing = 0;
		};
/* End PBXSourcesBuildPhase section */

/* Begin XCBuildConfiguration section */
		CA02B0041C57F481009AC4D3 /* Debug */ = {
			isa = XCBuildConfiguration;
			buildSettings = {
				ALWAYS_SEARCH_USER_PATHS = NO;
				CLANG_CXX_LANGUAGE_STANDARD = "gnu++0x";
				CLANG_CXX_LIBRARY = "libc++";
				CLANG_ENABLE_MODULES = YES;
				CLANG_ENABLE_OBJC_ARC = YES;
				CLANG_WARN_BOOL_CONVERSION = YES;
				CLANG_WARN_CONSTANT_CONVERSION = YES;
				CLANG_WARN_DIRECT_OBJC_ISA_USAGE = YES_ERROR;
				CLANG_WARN_EMPTY_BODY = YES;
				CLANG_WARN_ENUM_CONVERSION = YES;
				CLANG_WARN_INT_CONVERSION = YES;
				CLANG_WARN_OBJC_ROOT_CLASS = YES_ERROR;
				CLANG_WARN_UNREACHABLE_CODE = YES;
				CLANG_WARN__DUPLICATE_METHOD_MATCH = YES;
				COPY_PHASE_STRIP = NO;
				ENABLE_STRICT_OBJC_MSGSEND = YES;
				GCC_C_LANGUAGE_STANDARD = gnu99;
				GCC_DYNAMIC_NO_PIC = NO;
				GCC_OPTIMIZATION_LEVEL = 0;
				GCC_PREPROCESSOR_DEFINITIONS = (
					"DEBUG=1",
					"$(inherited)",
				);
				GCC_SYMBOLS_PRIVATE_EXTERN = NO;
				GCC_WARN_64_TO_32_BIT_CONVERSION = YES;
				GCC_WARN_ABOUT_RETURN_TYPE = YES_ERROR;
				GCC_WARN_UNDECLARED_SELECTOR = YES;
				GCC_WARN_UNINITIALIZED_AUTOS = YES_AGGRESSIVE;
				GCC_WARN_UNUSED_FUNCTION = YES;
				GCC_WARN_UNUSED_VARIABLE = YES;
				MACOSX_DEPLOYMENT_TARGET = 10.9;
				MTL_ENABLE_DEBUG_INFO = YES;
				ONLY_ACTIVE_ARCH = YES;
				SDKROOT = macosx;
			};
			name = Debug;
		};
		CA02B0051C57F481009AC4D3 /* Release */ = {
			isa = XCBuildConfiguration;
			buildSettings = {
				ALWAYS_SEARCH_USER_PATHS = NO;
				CLANG_CXX_LANGUAGE_STANDARD = "gnu++0x";
				CLANG_CXX_LIBRARY = "libc++";
				CLANG_ENABLE_MODULES = YES;
				CLANG_ENABLE_OBJC_ARC = YES;
				CLANG_WARN_BOOL_CONVERSION = YES;
				CLANG_WARN_CONSTANT_CONVERSION = YES;
				CLANG_WARN_DIRECT_OBJC_ISA_USAGE = YES_ERROR;
				CLANG_WARN_EMPTY_BODY = YES;
				CLANG_WARN_ENUM_CONVERSION = YES;
				CLANG_WARN_INT_CONVERSION = YES;
				CLANG_WARN_OBJC_ROOT_CLASS = YES_ERROR;
				CLANG_WARN_UNREACHABLE_CODE = YES;
				CLANG_WARN__DUPLICATE_METHOD_MATCH = YES;
				COPY_PHASE_STRIP = YES;
				DEBUG_INFORMATION_FORMAT = "dwarf-with-dsym";
				ENABLE_NS_ASSERTIONS = NO;
				ENABLE_STRICT_OBJC_MSGSEND = YES;
				GCC_C_LANGUAGE_STANDARD = gnu99;
				GCC_WARN_64_TO_32_BIT_CONVERSION = YES;
				GCC_WARN_ABOUT_RETURN_TYPE = YES_ERROR;
				GCC_WARN_UNDECLARED_SELECTOR = YES;
				GCC_WARN_UNINITIALIZED_AUTOS = YES_AGGRESSIVE;
				GCC_WARN_UNUSED_FUNCTION = YES;
				GCC_WARN_UNUSED_VARIABLE = YES;
				MACOSX_DEPLOYMENT_TARGET = 10.9;
				MTL_ENABLE_DEBUG_INFO = NO;
				SDKROOT = macosx;
			};
			name = Release;
		};
		CA02B0071C57F481009AC4D3 /* Debug */ = {
			isa = XCBuildConfiguration;
			buildSettings = {
				PRODUCT_NAME = "$(TARGET_NAME)";
			};
			name = Debug;
		};
		CA02B0081C57F481009AC4D3 /* Release */ = {
			isa = XCBuildConfiguration;
			buildSettings = {
				PRODUCT_NAME = "$(TARGET_NAME)";
			};
			name = Release;
		};
/* End XCBuildConfiguration section */

/* Begin XCConfigurationList section */
		CA02AFFA1C57F481009AC4D3 /* Build configuration list for PBXProject "Lab4Coen70" */ = {
			isa = XCConfigurationList;
			buildConfigurations = (
				CA02B0041C57F481009AC4D3 /* Debug */,
				CA02B0051C57F481009AC4D3 /* Release */,
			);
			defaultConfigurationIsVisible = 0;
			defaultConfigurationName = Release;
		};
		CA02B0061C57F481009AC4D3 /* Build configuration list for PBXNativeTarget "Lab4Coen70" */ = {
			isa = XCConfigurationList;
			buildConfigurations = (
				CA02B0071C57F481009AC4D3 /* Debug */,
				CA02B0081C57F481009AC4D3 /* Release */,
			);
			defaultConfigurationIsVisible = 0;
		};
/* End XCConfigurationList section */
	};
	rootObject = CA02AFF71C57F481009AC4D3 /* Project object */;
}
