// !$*UTF8*$!
{
	archiveVersion = 1;
	classes = {
	};
	objectVersion = 46;
	objects = {

/* Begin PBXBuildFile section */
		CABDB6F81C8609E700FAC781 /* main.cpp in Sources */ = {isa = PBXBuildFile; fileRef = CABDB6F71C8609E700FAC781 /* main.cpp */; };
/* End PBXBuildFile section */

/* Begin PBXCopyFilesBuildPhase section */
		CABDB6F21C8609E700FAC781 /* CopyFiles */ = {
			isa = PBXCopyFilesBuildPhase;
			buildActionMask = 2147483647;
			dstPath = /usr/share/man/man1/;
			dstSubfolderSpec = 0;
			files = (
			);
			runOnlyForDeploymentPostprocessing = 1;
		};
/* End PBXCopyFilesBuildPhase section */

/* Begin PBXFileReference section */
		CABDB6F41C8609E700FAC781 /* Coen70Lab9 */ = {isa = PBXFileReference; explicitFileType = "compiled.mach-o.executable"; includeInIndex = 0; path = Coen70Lab9; sourceTree = BUILT_PRODUCTS_DIR; };
		CABDB6F71C8609E700FAC781 /* main.cpp */ = {isa = PBXFileReference; lastKnownFileType = sourcecode.cpp.cpp; path = main.cpp; sourceTree = "<group>"; };
/* End PBXFileReference section */

/* Begin PBXFrameworksBuildPhase section */
		CABDB6F11C8609E700FAC781 /* Frameworks */ = {
			isa = PBXFrameworksBuildPhase;
			buildActionMask = 2147483647;
			files = (
			);
			runOnlyForDeploymentPostprocessing = 0;
		};
/* End PBXFrameworksBuildPhase section */

/* Begin PBXGroup section */
		CABDB6EB1C8609E700FAC781 = {
			isa = PBXGroup;
			children = (
				CABDB6F61C8609E700FAC781 /* Coen70Lab9 */,
				CABDB6F51C8609E700FAC781 /* Products */,
			);
			sourceTree = "<group>";
		};
		CABDB6F51C8609E700FAC781 /* Products */ = {
			isa = PBXGroup;
			children = (
				CABDB6F41C8609E700FAC781 /* Coen70Lab9 */,
			);
			name = Products;
			sourceTree = "<group>";
		};
		CABDB6F61C8609E700FAC781 /* Coen70Lab9 */ = {
			isa = PBXGroup;
			children = (
				CABDB6F71C8609E700FAC781 /* main.cpp */,
			);
			path = Coen70Lab9;
			sourceTree = "<group>";
		};
/* End PBXGroup section */

/* Begin PBXNativeTarget section */
		CABDB6F31C8609E700FAC781 /* Coen70Lab9 */ = {
			isa = PBXNativeTarget;
			buildConfigurationList = CABDB6FB1C8609E700FAC781 /* Build configuration list for PBXNativeTarget "Coen70Lab9" */;
			buildPhases = (
				CABDB6F01C8609E700FAC781 /* Sources */,
				CABDB6F11C8609E700FAC781 /* Frameworks */,
				CABDB6F21C8609E700FAC781 /* CopyFiles */,
			);
			buildRules = (
			);
			dependencies = (
			);
			name = Coen70Lab9;
			productName = Coen70Lab9;
			productReference = CABDB6F41C8609E700FAC781 /* Coen70Lab9 */;
			productType = "com.apple.product-type.tool";
		};
/* End PBXNativeTarget section */

/* Begin PBXProject section */
		CABDB6EC1C8609E700FAC781 /* Project object */ = {
			isa = PBXProject;
			attributes = {
				LastUpgradeCheck = 0600;
				ORGANIZATIONNAME = "Yousef Zoumot";
				TargetAttributes = {
					CABDB6F31C8609E700FAC781 = {
						CreatedOnToolsVersion = 6.0.1;
					};
				};
			};
			buildConfigurationList = CABDB6EF1C8609E700FAC781 /* Build configuration list for PBXProject "Coen70Lab9" */;
			compatibilityVersion = "Xcode 3.2";
			developmentRegion = English;
			hasScannedForEncodings = 0;
			knownRegions = (
				en,
			);
			mainGroup = CABDB6EB1C8609E700FAC781;
			productRefGroup = CABDB6F51C8609E700FAC781 /* Products */;
			projectDirPath = "";
			projectRoot = "";
			targets = (
				CABDB6F31C8609E700FAC781 /* Coen70Lab9 */,
			);
		};
/* End PBXProject section */

/* Begin PBXSourcesBuildPhase section */
		CABDB6F01C8609E700FAC781 /* Sources */ = {
			isa = PBXSourcesBuildPhase;
			buildActionMask = 2147483647;
			files = (
				CABDB6F81C8609E700FAC781 /* main.cpp in Sources */,
			);
			runOnlyForDeploymentPostprocessing = 0;
		};
/* End PBXSourcesBuildPhase section */

/* Begin XCBuildConfiguration section */
		CABDB6F91C8609E700FAC781 /* Debug */ = {
			isa = XCBuildConfiguration;
			buildSettings = {
				ALWAYS_SEARCH_USER_PATHS = NO;
				CLANG_CXX_LANGUAGE_STANDARD = "gnu++0x";
				CLANG_CXX_LIBRARY = "libc++";
				CLANG_ENABLE_MODULES = YES;
				CLANG_ENABLE_OBJC_ARC = YES;
				CLANG_WARN_BOOL_CONVERSION = YES;
				CLANG_WARN_CONSTANT_CONVERSION = YES;
				CLANG_WARN_DIRECT_OBJC_ISA_USAGE = YES_ERROR;
				CLANG_WARN_EMPTY_BODY = YES;
				CLANG_WARN_ENUM_CONVERSION = YES;
				CLANG_WARN_INT_CONVERSION = YES;
				CLANG_WARN_OBJC_ROOT_CLASS = YES_ERROR;
				CLANG_WARN_UNREACHABLE_CODE = YES;
				CLANG_WARN__DUPLICATE_METHOD_MATCH = YES;
				COPY_PHASE_STRIP = NO;
				ENABLE_STRICT_OBJC_MSGSEND = YES;
				GCC_C_LANGUAGE_STANDARD = gnu99;
				GCC_DYNAMIC_NO_PIC = NO;
				GCC_OPTIMIZATION_LEVEL = 0;
				GCC_PREPROCESSOR_DEFINITIONS = (
					"DEBUG=1",
					"$(inherited)",
				);
				GCC_SYMBOLS_PRIVATE_EXTERN = NO;
				GCC_WARN_64_TO_32_BIT_CONVERSION = YES;
				GCC_WARN_ABOUT_RETURN_TYPE = YES_ERROR;
				GCC_WARN_UNDECLARED_SELECTOR = YES;
				GCC_WARN_UNINITIALIZED_AUTOS = YES_AGGRESSIVE;
				GCC_WARN_UNUSED_FUNCTION = YES;
				GCC_WARN_UNUSED_VARIABLE = YES;
				MACOSX_DEPLOYMENT_TARGET = 10.9;
				MTL_ENABLE_DEBUG_INFO = YES;
				ONLY_ACTIVE_ARCH = YES;
				SDKROOT = macosx;
			};
			name = Debug;
		};
		CABDB6FA1C8609E700FAC781 /* Release */ = {
			isa = XCBuildConfiguration;
			buildSettings = {
				ALWAYS_SEARCH_USER_PATHS = NO;
				CLANG_CXX_LANGUAGE_STANDARD = "gnu++0x";
				CLANG_CXX_LIBRARY = "libc++";
				CLANG_ENABLE_MODULES = YES;
				CLANG_ENABLE_OBJC_ARC = YES;
				CLANG_WARN_BOOL_CONVERSION = YES;
				CLANG_WARN_CONSTANT_CONVERSION = YES;
				CLANG_WARN_DIRECT_OBJC_ISA_USAGE = YES_ERROR;
				CLANG_WARN_EMPTY_BODY = YES;
				CLANG_WARN_ENUM_CONVERSION = YES;
				CLANG_WARN_INT_CONVERSION = YES;
				CLANG_WARN_OBJC_ROOT_CLASS = YES_ERROR;
				CLANG_WARN_UNREACHABLE_CODE = YES;
				CLANG_WARN__DUPLICATE_METHOD_MATCH = YES;
				COPY_PHASE_STRIP = YES;
				DEBUG_INFORMATION_FORMAT = "dwarf-with-dsym";
				ENABLE_NS_ASSERTIONS = NO;
				ENABLE_STRICT_OBJC_MSGSEND = YES;
				GCC_C_LANGUAGE_STANDARD = gnu99;
				GCC_WARN_64_TO_32_BIT_CONVERSION = YES;
				GCC_WARN_ABOUT_RETURN_TYPE = YES_ERROR;
				GCC_WARN_UNDECLARED_SELECTOR = YES;
				GCC_WARN_UNINITIALIZED_AUTOS = YES_AGGRESSIVE;
				GCC_WARN_UNUSED_FUNCTION = YES;
				GCC_WARN_UNUSED_VARIABLE = YES;
				MACOSX_DEPLOYMENT_TARGET = 10.9;
				MTL_ENABLE_DEBUG_INFO = NO;
				SDKROOT = macosx;
			};
			name = Release;
		};
		CABDB6FC1C8609E700FAC781 /* Debug */ = {
			isa = XCBuildConfiguration;
			buildSettings = {
				PRODUCT_NAME = "$(TARGET_NAME)";
			};
			name = Debug;
		};
		CABDB6FD1C8609E700FAC781 /* Release */ = {
			isa = XCBuildConfiguration;
			buildSettings = {
				PRODUCT_NAME = "$(TARGET_NAME)";
			};
			name = Release;
		};
/* End XCBuildConfiguration section */

/* Begin XCConfigurationList section */
		CABDB6EF1C8609E700FAC781 /* Build configuration list for PBXProject "Coen70Lab9" */ = {
			isa = XCConfigurationList;
			buildConfigurations = (
				CABDB6F91C8609E700FAC781 /* Debug */,
				CABDB6FA1C8609E700FAC781 /* Release */,
			);
			defaultConfigurationIsVisible = 0;
			defaultConfigurationName = Release;
		};
		CABDB6FB1C8609E700FAC781 /* Build configuration list for PBXNativeTarget "Coen70Lab9" */ = {
			isa = XCConfigurationList;
			buildConfigurations = (
				CABDB6FC1C8609E700FAC781 /* Debug */,
				CABDB6FD1C8609E700FAC781 /* Release */,
			);
			defaultConfigurationIsVisible = 0;
		};
/* End XCConfigurationList section */
	};
	rootObject = CABDB6EC1C8609E700FAC781 /* Project object */;
}
